
Microsoft Visual Studio Solution File, Format Version 12.00
# Visual Studio Version 16
VisualStudioVersion = 16.0.31605.320
MinimumVisualStudioVersion = 10.0.40219.1
Project("{9092AA53-FB77-4645-B42D-1CCCA6BD08BD}") = "JavaScript and JQuery", "JavaScript and JQuery\JavaScript and JQuery.njsproj", "{CD213A3C-2E75-4765-A4E2-7FDD24FB0E31}"
EndProject
Global
	GlobalSection(SolutionConfigurationPlatforms) = preSolution
		Debug|Any CPU = Debug|Any CPU
		Release|Any CPU = Release|Any CPU
	EndGlobalSection
	GlobalSection(ProjectConfigurationPlatforms) = postSolution
		{CD213A3C-2E75-4765-A4E2-7FDD24FB0E31}.Debug|Any CPU.ActiveCfg = Debug|Any CPU
		{CD213A3C-2E75-4765-A4E2-7FDD24FB0E31}.Debug|Any CPU.Build.0 = Debug|Any CPU
		{CD213A3C-2E75-4765-A4E2-7FDD24FB0E31}.Release|Any CPU.ActiveCfg = Release|Any CPU
		{CD213A3C-2E75-4765-A4E2-7FDD24FB0E31}.Release|Any CPU.Build.0 = Release|Any CPU
	EndGlobalSection
	GlobalSection(SolutionProperties) = preSolution
		HideSolutionNode = FALSE
	EndGlobalSection
	GlobalSection(ExtensibilityGlobals) = postSolution
		SolutionGuid = {C85EEB7B-BCEC-40AF-A7FD-78F6F84F5716}
	EndGlobalSection
EndGlobal
